
Microsoft Visual Studio Solution File, Format Version 12.00
# Visual Studio Version 16
VisualStudioVersion = 16.0.30717.126
MinimumVisualStudioVersion = 10.0.40219.1
Project("{FAE04EC0-301F-11D3-BF4B-00C04F79EFBC}") = "SSE.ECommerce.Orders", "SSE.ECommerce.Orders\SSE.ECommerce.Orders.csproj", "{7A44E09F-4AE6-4A6E-864F-D5CA3ECF765D}"
EndProject
Project("{2150E333-8FDC-42A3-9474-1A3956D46DE8}") = "Solution Items", "Solution Items", "{CCF6369D-FC4B-406E-B9DC-4923FF16177A}"
	ProjectSection(SolutionItems) = preProject
		readme.md = readme.md
	EndProjectSection
EndProject
Project("{FAE04EC0-301F-11D3-BF4B-00C04F79EFBC}") = "SSE.ECommerce.Orders.Data", "SSE.ECommerce.Orders.Data\SSE.ECommerce.Orders.Data.csproj", "{C8A5B6E8-5E00-4F5C-80ED-2C23E863F34C}"
EndProject
Project("{FAE04EC0-301F-11D3-BF4B-00C04F79EFBC}") = "SSE.ECommerce.Orders.Proxy", "SSE.ECommerce.Proxy\SSE.ECommerce.Orders.Proxy.csproj", "{56C7AEDF-969B-419E-89EE-1F6286B5C0F3}"
EndProject
Project("{FAE04EC0-301F-11D3-BF4B-00C04F79EFBC}") = "SSE.ECommerce.Orders.Domain", "SSE.ECommerce.Orders.Domain\SSE.ECommerce.Orders.Domain.csproj", "{94D7396A-F39F-44FC-A459-FEB8C484AD91}"
EndProject
Global
	GlobalSection(SolutionConfigurationPlatforms) = preSolution
		Debug|Any CPU = Debug|Any CPU
		Release|Any CPU = Release|Any CPU
	EndGlobalSection
	GlobalSection(ProjectConfigurationPlatforms) = postSolution
		{7A44E09F-4AE6-4A6E-864F-D5CA3ECF765D}.Debug|Any CPU.ActiveCfg = Debug|Any CPU
		{7A44E09F-4AE6-4A6E-864F-D5CA3ECF765D}.Debug|Any CPU.Build.0 = Debug|Any CPU
		{7A44E09F-4AE6-4A6E-864F-D5CA3ECF765D}.Release|Any CPU.ActiveCfg = Release|Any CPU
		{7A44E09F-4AE6-4A6E-864F-D5CA3ECF765D}.Release|Any CPU.Build.0 = Release|Any CPU
		{C8A5B6E8-5E00-4F5C-80ED-2C23E863F34C}.Debug|Any CPU.ActiveCfg = Debug|Any CPU
		{C8A5B6E8-5E00-4F5C-80ED-2C23E863F34C}.Debug|Any CPU.Build.0 = Debug|Any CPU
		{C8A5B6E8-5E00-4F5C-80ED-2C23E863F34C}.Release|Any CPU.ActiveCfg = Release|Any CPU
		{C8A5B6E8-5E00-4F5C-80ED-2C23E863F34C}.Release|Any CPU.Build.0 = Release|Any CPU
		{56C7AEDF-969B-419E-89EE-1F6286B5C0F3}.Debug|Any CPU.ActiveCfg = Debug|Any CPU
		{56C7AEDF-969B-419E-89EE-1F6286B5C0F3}.Debug|Any CPU.Build.0 = Debug|Any CPU
		{56C7AEDF-969B-419E-89EE-1F6286B5C0F3}.Release|Any CPU.ActiveCfg = Release|Any CPU
		{56C7AEDF-969B-419E-89EE-1F6286B5C0F3}.Release|Any CPU.Build.0 = Release|Any CPU
		{94D7396A-F39F-44FC-A459-FEB8C484AD91}.Debug|Any CPU.ActiveCfg = Debug|Any CPU
		{94D7396A-F39F-44FC-A459-FEB8C484AD91}.Debug|Any CPU.Build.0 = Debug|Any CPU
		{94D7396A-F39F-44FC-A459-FEB8C484AD91}.Release|Any CPU.ActiveCfg = Release|Any CPU
		{94D7396A-F39F-44FC-A459-FEB8C484AD91}.Release|Any CPU.Build.0 = Release|Any CPU
	EndGlobalSection
	GlobalSection(SolutionProperties) = preSolution
		HideSolutionNode = FALSE
	EndGlobalSection
	GlobalSection(ExtensibilityGlobals) = postSolution
		SolutionGuid = {36EDDEB9-46DC-4F6F-9480-3906CF165E23}
	EndGlobalSection
EndGlobal
